
Microsoft Visual Studio Solution File, Format Version 12.00
# Visual Studio Version 16
VisualStudioVersion = 16.0.30804.86
MinimumVisualStudioVersion = 10.0.40219.1
Project("{FAE04EC0-301F-11D3-BF4B-00C04F79EFBC}") = "StackOverflowClone", "StackOverflowClone\StackOverflowClone.csproj", "{A3D4A577-CC01-41C4-AECD-487D0EEDA93F}"
EndProject
Project("{FAE04EC0-301F-11D3-BF4B-00C04F79EFBC}") = "StackOverflowClone.DomainModels", "StackOverflowClone.DomainModels\StackOverflowClone.DomainModels.csproj", "{EAF013DB-B12E-414B-826F-983BEE4AEF25}"
EndProject
Project("{FAE04EC0-301F-11D3-BF4B-00C04F79EFBC}") = "StackOverflowClone.ViewModels", "StackOverflowClone.ViewModels\StackOverflowClone.ViewModels.csproj", "{1E059AE2-0C5F-49CD-B049-DDF4FAEE3525}"
EndProject
Project("{FAE04EC0-301F-11D3-BF4B-00C04F79EFBC}") = "StackOverflowClone.Repositories", "StackOverflowClone.Repositories\StackOverflowClone.Repositories.csproj", "{BCAB8952-264E-4B57-9217-E2EF15AAF1C7}"
EndProject
Project("{FAE04EC0-301F-11D3-BF4B-00C04F79EFBC}") = "StackOverflowClone.ServiceLayer", "StackOverflowClone.ServiceLayer\StackOverflowClone.ServiceLayer.csproj", "{3B08ED64-CE61-4448-883F-4C271708BB96}"
EndProject
Global
	GlobalSection(SolutionConfigurationPlatforms) = preSolution
		Debug|Any CPU = Debug|Any CPU
		Release|Any CPU = Release|Any CPU
	EndGlobalSection
	GlobalSection(ProjectConfigurationPlatforms) = postSolution
		{A3D4A577-CC01-41C4-AECD-487D0EEDA93F}.Debug|Any CPU.ActiveCfg = Debug|Any CPU
		{A3D4A577-CC01-41C4-AECD-487D0EEDA93F}.Debug|Any CPU.Build.0 = Debug|Any CPU
		{A3D4A577-CC01-41C4-AECD-487D0EEDA93F}.Release|Any CPU.ActiveCfg = Release|Any CPU
		{A3D4A577-CC01-41C4-AECD-487D0EEDA93F}.Release|Any CPU.Build.0 = Release|Any CPU
		{EAF013DB-B12E-414B-826F-983BEE4AEF25}.Debug|Any CPU.ActiveCfg = Debug|Any CPU
		{EAF013DB-B12E-414B-826F-983BEE4AEF25}.Debug|Any CPU.Build.0 = Debug|Any CPU
		{EAF013DB-B12E-414B-826F-983BEE4AEF25}.Release|Any CPU.ActiveCfg = Release|Any CPU
		{EAF013DB-B12E-414B-826F-983BEE4AEF25}.Release|Any CPU.Build.0 = Release|Any CPU
		{1E059AE2-0C5F-49CD-B049-DDF4FAEE3525}.Debug|Any CPU.ActiveCfg = Debug|Any CPU
		{1E059AE2-0C5F-49CD-B049-DDF4FAEE3525}.Debug|Any CPU.Build.0 = Debug|Any CPU
		{1E059AE2-0C5F-49CD-B049-DDF4FAEE3525}.Release|Any CPU.ActiveCfg = Release|Any CPU
		{1E059AE2-0C5F-49CD-B049-DDF4FAEE3525}.Release|Any CPU.Build.0 = Release|Any CPU
		{BCAB8952-264E-4B57-9217-E2EF15AAF1C7}.Debug|Any CPU.ActiveCfg = Debug|Any CPU
		{BCAB8952-264E-4B57-9217-E2EF15AAF1C7}.Debug|Any CPU.Build.0 = Debug|Any CPU
		{BCAB8952-264E-4B57-9217-E2EF15AAF1C7}.Release|Any CPU.ActiveCfg = Release|Any CPU
		{BCAB8952-264E-4B57-9217-E2EF15AAF1C7}.Release|Any CPU.Build.0 = Release|Any CPU
		{3B08ED64-CE61-4448-883F-4C271708BB96}.Debug|Any CPU.ActiveCfg = Debug|Any CPU
		{3B08ED64-CE61-4448-883F-4C271708BB96}.Debug|Any CPU.Build.0 = Debug|Any CPU
		{3B08ED64-CE61-4448-883F-4C271708BB96}.Release|Any CPU.ActiveCfg = Release|Any CPU
		{3B08ED64-CE61-4448-883F-4C271708BB96}.Release|Any CPU.Build.0 = Release|Any CPU
	EndGlobalSection
	GlobalSection(SolutionProperties) = preSolution
		HideSolutionNode = FALSE
	EndGlobalSection
	GlobalSection(ExtensibilityGlobals) = postSolution
		SolutionGuid = {B53F33F0-14B6-4967-905C-8D0FECBB880A}
	EndGlobalSection
EndGlobal
